lockfileVersion: '6.0'

settings:
  autoInstallPeers: true
  excludeLinksFromLockfile: false

dependencies:
  dotenv:
    specifier: ^16.4.5
    version: 16.4.6

packages:

  /dotenv@16.4.6:
    resolution: {integrity: sha512-JhcR/+KIjkkjiU8yEpaB/USlzVi3i5whwOjpIRNGi9svKEXZSe+Qp6IWAjFjv+2GViAoDRCUv/QLNziQxsLqDg==}
    engines: {node: '>=12'}
    dev: false
